
Microsoft Visual Studio Solution File, Format Version 12.00
# Visual Studio Version 17
VisualStudioVersion = 17.6.33712.159
MinimumVisualStudioVersion = 10.0.40219.1
Project("{FAE04EC0-301F-11D3-BF4B-00C04F79EFBC}") = "Moca.BFF", "Moca.BFF.csproj", "{7DF9DD2D-10D7-455B-A199-0128264EB362}"
EndProject
Project("{2150E333-8FDC-42A3-9474-1A3956D46DE8}") = "1 - Api", "1 - Api", "{5574D178-4839-4B31-89E5-18978103A0A1}"
EndProject
Project("{2150E333-8FDC-42A3-9474-1A3956D46DE8}") = "2 - Domain", "2 - Domain", "{029811F0-FB5F-4332-9E3F-76E375971ECE}"
EndProject
Project("{2150E333-8FDC-42A3-9474-1A3956D46DE8}") = "3 - Infra", "3 - Infra", "{0EAB75B6-34FF-4205-A4BC-B51F720F65EE}"
EndProject
Project("{2150E333-8FDC-42A3-9474-1A3956D46DE8}") = "4 - Service", "4 - Service", "{6401CFC2-8C72-4AF8-853C-70014C8885BD}"
EndProject
Project("{FAE04EC0-301F-11D3-BF4B-00C04F79EFBC}") = "Moca.BFF.Domain", "..\Moca.BFF.Domain\Moca.BFF.Domain.csproj", "{37049925-9C98-4A90-8198-5B00001EA826}"
EndProject
Project("{FAE04EC0-301F-11D3-BF4B-00C04F79EFBC}") = "Moca.BFF.Infra", "..\Moca.BFF.Infra\Moca.BFF.Infra.csproj", "{49FB3B05-873C-4B20-B95D-3349A060BBF3}"
EndProject
Project("{FAE04EC0-301F-11D3-BF4B-00C04F79EFBC}") = "Moca.BFF.Service", "..\Moca.BFF.Service\Moca.BFF.Service.csproj", "{52F9D286-E35B-41F3-B50C-F608205BA255}"
EndProject
Global
	GlobalSection(SolutionConfigurationPlatforms) = preSolution
		Debug|Any CPU = Debug|Any CPU
		Release|Any CPU = Release|Any CPU
	EndGlobalSection
	GlobalSection(ProjectConfigurationPlatforms) = postSolution
		{7DF9DD2D-10D7-455B-A199-0128264EB362}.Debug|Any CPU.ActiveCfg = Debug|Any CPU
		{7DF9DD2D-10D7-455B-A199-0128264EB362}.Debug|Any CPU.Build.0 = Debug|Any CPU
		{7DF9DD2D-10D7-455B-A199-0128264EB362}.Release|Any CPU.ActiveCfg = Release|Any CPU
		{7DF9DD2D-10D7-455B-A199-0128264EB362}.Release|Any CPU.Build.0 = Release|Any CPU
		{37049925-9C98-4A90-8198-5B00001EA826}.Debug|Any CPU.ActiveCfg = Debug|Any CPU
		{37049925-9C98-4A90-8198-5B00001EA826}.Debug|Any CPU.Build.0 = Debug|Any CPU
		{37049925-9C98-4A90-8198-5B00001EA826}.Release|Any CPU.ActiveCfg = Release|Any CPU
		{37049925-9C98-4A90-8198-5B00001EA826}.Release|Any CPU.Build.0 = Release|Any CPU
		{49FB3B05-873C-4B20-B95D-3349A060BBF3}.Debug|Any CPU.ActiveCfg = Debug|Any CPU
		{49FB3B05-873C-4B20-B95D-3349A060BBF3}.Debug|Any CPU.Build.0 = Debug|Any CPU
		{49FB3B05-873C-4B20-B95D-3349A060BBF3}.Release|Any CPU.ActiveCfg = Release|Any CPU
		{49FB3B05-873C-4B20-B95D-3349A060BBF3}.Release|Any CPU.Build.0 = Release|Any CPU
		{52F9D286-E35B-41F3-B50C-F608205BA255}.Debug|Any CPU.ActiveCfg = Debug|Any CPU
		{52F9D286-E35B-41F3-B50C-F608205BA255}.Debug|Any CPU.Build.0 = Debug|Any CPU
		{52F9D286-E35B-41F3-B50C-F608205BA255}.Release|Any CPU.ActiveCfg = Release|Any CPU
		{52F9D286-E35B-41F3-B50C-F608205BA255}.Release|Any CPU.Build.0 = Release|Any CPU
	EndGlobalSection
	GlobalSection(SolutionProperties) = preSolution
		HideSolutionNode = FALSE
	EndGlobalSection
	GlobalSection(NestedProjects) = preSolution
		{7DF9DD2D-10D7-455B-A199-0128264EB362} = {5574D178-4839-4B31-89E5-18978103A0A1}
		{37049925-9C98-4A90-8198-5B00001EA826} = {029811F0-FB5F-4332-9E3F-76E375971ECE}
		{49FB3B05-873C-4B20-B95D-3349A060BBF3} = {0EAB75B6-34FF-4205-A4BC-B51F720F65EE}
		{52F9D286-E35B-41F3-B50C-F608205BA255} = {6401CFC2-8C72-4AF8-853C-70014C8885BD}
	EndGlobalSection
	GlobalSection(ExtensibilityGlobals) = postSolution
		SolutionGuid = {EE2576AE-CB6D-45F6-B606-ED0F21577EB2}
	EndGlobalSection
EndGlobal
